
Microsoft Visual Studio Solution File, Format Version 12.00
# Visual Studio Version 17
VisualStudioVersion = 17.9.34728.123
MinimumVisualStudioVersion = 10.0.40219.1
Project("{FAE04EC0-301F-11D3-BF4B-00C04F79EFBC}") = "SessionNumber!Group2", "SessionNumber!Group2\SessionNumber!Group2.csproj", "{0E6BA3BF-779E-4F9B-8B18-B2160A729F3D}"
EndProject
Project("{FAE04EC0-301F-11D3-BF4B-00C04F79EFBC}") = "AnotherProject", "AnotherProject\AnotherProject.csproj", "{F72AB4E3-C428-4513-9DF5-77BE32E4EFA1}"
EndProject
Global
	GlobalSection(SolutionConfigurationPlatforms) = preSolution
		Debug|Any CPU = Debug|Any CPU
		Release|Any CPU = Release|Any CPU
	EndGlobalSection
	GlobalSection(ProjectConfigurationPlatforms) = postSolution
		{0E6BA3BF-779E-4F9B-8B18-B2160A729F3D}.Debug|Any CPU.ActiveCfg = Debug|Any CPU
		{0E6BA3BF-779E-4F9B-8B18-B2160A729F3D}.Debug|Any CPU.Build.0 = Debug|Any CPU
		{0E6BA3BF-779E-4F9B-8B18-B2160A729F3D}.Release|Any CPU.ActiveCfg = Release|Any CPU
		{0E6BA3BF-779E-4F9B-8B18-B2160A729F3D}.Release|Any CPU.Build.0 = Release|Any CPU
		{F72AB4E3-C428-4513-9DF5-77BE32E4EFA1}.Debug|Any CPU.ActiveCfg = Debug|Any CPU
		{F72AB4E3-C428-4513-9DF5-77BE32E4EFA1}.Debug|Any CPU.Build.0 = Debug|Any CPU
		{F72AB4E3-C428-4513-9DF5-77BE32E4EFA1}.Release|Any CPU.ActiveCfg = Release|Any CPU
		{F72AB4E3-C428-4513-9DF5-77BE32E4EFA1}.Release|Any CPU.Build.0 = Release|Any CPU
	EndGlobalSection
	GlobalSection(SolutionProperties) = preSolution
		HideSolutionNode = FALSE
	EndGlobalSection
	GlobalSection(ExtensibilityGlobals) = postSolution
		SolutionGuid = {D385D374-019B-4CD9-B693-8858B5DC63D1}
	EndGlobalSection
EndGlobal
