
Microsoft Visual Studio Solution File, Format Version 12.00
# Visual Studio Version 17
VisualStudioVersion = 17.9.34728.123
MinimumVisualStudioVersion = 10.0.40219.1
Project("{FAE04EC0-301F-11D3-BF4B-00C04F79EFBC}") = "SessionNumber5", "SessionNumber5\SessionNumber5.csproj", "{47342E75-105F-471A-AA0A-357D9D390573}"
EndProject
Global
	GlobalSection(SolutionConfigurationPlatforms) = preSolution
		Debug|Any CPU = Debug|Any CPU
		Release|Any CPU = Release|Any CPU
	EndGlobalSection
	GlobalSection(ProjectConfigurationPlatforms) = postSolution
		{47342E75-105F-471A-AA0A-357D9D390573}.Debug|Any CPU.ActiveCfg = Debug|Any CPU
		{47342E75-105F-471A-AA0A-357D9D390573}.Debug|Any CPU.Build.0 = Debug|Any CPU
		{47342E75-105F-471A-AA0A-357D9D390573}.Release|Any CPU.ActiveCfg = Release|Any CPU
		{47342E75-105F-471A-AA0A-357D9D390573}.Release|Any CPU.Build.0 = Release|Any CPU
	EndGlobalSection
	GlobalSection(SolutionProperties) = preSolution
		HideSolutionNode = FALSE
	EndGlobalSection
	GlobalSection(ExtensibilityGlobals) = postSolution
		SolutionGuid = {18EC2CCA-D5BC-4CA7-B440-EFC60C58C049}
	EndGlobalSection
EndGlobal
